
Microsoft Visual Studio Solution File, Format Version 12.00
# Visual Studio Version 17
VisualStudioVersion = 17.6.33723.286
MinimumVisualStudioVersion = 10.0.40219.1
Project("{9A19103F-16F7-4668-BE54-9A1E7A4F7556}") = "Aws", "Aws\Aws.csproj", "{1CBC83C3-38C6-45D2-9E19-8DEBFA14E204}"
EndProject
Project("{9A19103F-16F7-4668-BE54-9A1E7A4F7556}") = "GitHub", "GitHub\GitHub.csproj", "{15A02212-05BD-49EF-BB3A-480FDFDB86C0}"
EndProject
Project("{9A19103F-16F7-4668-BE54-9A1E7A4F7556}") = "GitHubWorkflow", "GitHubWorkflow\GitHubWorkflow.csproj", "{8F7A4374-6D61-46EC-9A42-0073B8AEF5EF}"
EndProject
Global
	GlobalSection(SolutionConfigurationPlatforms) = preSolution
		Debug|Any CPU = Debug|Any CPU
		Release|Any CPU = Release|Any CPU
	EndGlobalSection
	GlobalSection(ProjectConfigurationPlatforms) = postSolution
		{1CBC83C3-38C6-45D2-9E19-8DEBFA14E204}.Debug|Any CPU.ActiveCfg = Debug|Any CPU
		{1CBC83C3-38C6-45D2-9E19-8DEBFA14E204}.Debug|Any CPU.Build.0 = Debug|Any CPU
		{1CBC83C3-38C6-45D2-9E19-8DEBFA14E204}.Release|Any CPU.ActiveCfg = Release|Any CPU
		{1CBC83C3-38C6-45D2-9E19-8DEBFA14E204}.Release|Any CPU.Build.0 = Release|Any CPU
		{15A02212-05BD-49EF-BB3A-480FDFDB86C0}.Debug|Any CPU.ActiveCfg = Debug|Any CPU
		{15A02212-05BD-49EF-BB3A-480FDFDB86C0}.Debug|Any CPU.Build.0 = Debug|Any CPU
		{15A02212-05BD-49EF-BB3A-480FDFDB86C0}.Release|Any CPU.ActiveCfg = Release|Any CPU
		{15A02212-05BD-49EF-BB3A-480FDFDB86C0}.Release|Any CPU.Build.0 = Release|Any CPU
		{8F7A4374-6D61-46EC-9A42-0073B8AEF5EF}.Debug|Any CPU.ActiveCfg = Debug|Any CPU
		{8F7A4374-6D61-46EC-9A42-0073B8AEF5EF}.Debug|Any CPU.Build.0 = Debug|Any CPU
		{8F7A4374-6D61-46EC-9A42-0073B8AEF5EF}.Release|Any CPU.ActiveCfg = Release|Any CPU
		{8F7A4374-6D61-46EC-9A42-0073B8AEF5EF}.Release|Any CPU.Build.0 = Release|Any CPU
	EndGlobalSection
	GlobalSection(SolutionProperties) = preSolution
		HideSolutionNode = FALSE
	EndGlobalSection
	GlobalSection(ExtensibilityGlobals) = postSolution
		SolutionGuid = {FC8F1903-D658-4E7D-A9DE-42168378CB70}
	EndGlobalSection
EndGlobal
